{
  "requires": true,
  "lockfileVersion": 1,
  "dependencies": {
    "canvas-nest.js": {
      "version": "2.0.4",
      "resolved": "https://registry.npmjs.org/canvas-nest.js/-/canvas-nest.js-2.0.4.tgz",
      "integrity": "sha512-Wgc+39fQBIP8fm9+Rq+Zt6+QLHZRsIKpaOQPL5KcWPlXTAalCKY4KCuklY7qzzZqBRF/t2APIrk+PuRw6ZlOog==",
      "requires": {
        "size-sensor": "^0.2.0"
      }
    },
    "size-sensor": {
      "version": "0.2.6",
      "resolved": "https://registry.npmjs.org/size-sensor/-/size-sensor-0.2.6.tgz",
      "integrity": "sha512-0EZ0tXXjyRl9R9+JpoBdH57Xpnbf5NTyDdj7fnFL6KqCsdKyah286ShMflnV2SonnrSFH4OAT/52Jy8qqnoerg=="
    }
  }
}
